
Microsoft Visual Studio Solution File, Format Version 12.00
# Visual Studio 15
VisualStudioVersion = 15.0.26730.16
MinimumVisualStudioVersion = 10.0.40219.1
Project("{FAE04EC0-301F-11D3-BF4B-00C04F79EFBC}") = "ApplicationGUI", "CameraCaptureForm\ApplicationGUI.csproj", "{97552B40-286A-4C6B-8D94-4D1C2B8D2244}"
EndProject
Project("{FAE04EC0-301F-11D3-BF4B-00C04F79EFBC}") = "FaceAuthenticators", "FaceAuthenticators\FaceAuthenticators.csproj", "{B9020F7C-9B1E-4ECA-A54C-84309FD81B9E}"
EndProject
Project("{FAE04EC0-301F-11D3-BF4B-00C04F79EFBC}") = "TestRunner", "TestRunner\TestRunner.csproj", "{D9E8BB05-F47F-48EB-BA7D-B3165DBF2F28}"
EndProject
Global
	GlobalSection(SolutionConfigurationPlatforms) = preSolution
		Debug|Any CPU = Debug|Any CPU
		Debug|x64 = Debug|x64
		Release|Any CPU = Release|Any CPU
		Release|x64 = Release|x64
	EndGlobalSection
	GlobalSection(ProjectConfigurationPlatforms) = postSolution
		{97552B40-286A-4C6B-8D94-4D1C2B8D2244}.Debug|Any CPU.ActiveCfg = Debug|Any CPU
		{97552B40-286A-4C6B-8D94-4D1C2B8D2244}.Debug|Any CPU.Build.0 = Debug|Any CPU
		{97552B40-286A-4C6B-8D94-4D1C2B8D2244}.Debug|x64.ActiveCfg = Debug|x64
		{97552B40-286A-4C6B-8D94-4D1C2B8D2244}.Debug|x64.Build.0 = Debug|x64
		{97552B40-286A-4C6B-8D94-4D1C2B8D2244}.Release|Any CPU.ActiveCfg = Release|Any CPU
		{97552B40-286A-4C6B-8D94-4D1C2B8D2244}.Release|Any CPU.Build.0 = Release|Any CPU
		{97552B40-286A-4C6B-8D94-4D1C2B8D2244}.Release|x64.ActiveCfg = Release|x64
		{97552B40-286A-4C6B-8D94-4D1C2B8D2244}.Release|x64.Build.0 = Release|x64
		{B9020F7C-9B1E-4ECA-A54C-84309FD81B9E}.Debug|Any CPU.ActiveCfg = Debug|Any CPU
		{B9020F7C-9B1E-4ECA-A54C-84309FD81B9E}.Debug|Any CPU.Build.0 = Debug|Any CPU
		{B9020F7C-9B1E-4ECA-A54C-84309FD81B9E}.Debug|x64.ActiveCfg = Debug|Any CPU
		{B9020F7C-9B1E-4ECA-A54C-84309FD81B9E}.Debug|x64.Build.0 = Debug|Any CPU
		{B9020F7C-9B1E-4ECA-A54C-84309FD81B9E}.Release|Any CPU.ActiveCfg = Release|Any CPU
		{B9020F7C-9B1E-4ECA-A54C-84309FD81B9E}.Release|Any CPU.Build.0 = Release|Any CPU
		{B9020F7C-9B1E-4ECA-A54C-84309FD81B9E}.Release|x64.ActiveCfg = Release|x64
		{B9020F7C-9B1E-4ECA-A54C-84309FD81B9E}.Release|x64.Build.0 = Release|x64
		{D9E8BB05-F47F-48EB-BA7D-B3165DBF2F28}.Debug|Any CPU.ActiveCfg = Debug|Any CPU
		{D9E8BB05-F47F-48EB-BA7D-B3165DBF2F28}.Debug|Any CPU.Build.0 = Debug|Any CPU
		{D9E8BB05-F47F-48EB-BA7D-B3165DBF2F28}.Debug|x64.ActiveCfg = Debug|x64
		{D9E8BB05-F47F-48EB-BA7D-B3165DBF2F28}.Debug|x64.Build.0 = Debug|x64
		{D9E8BB05-F47F-48EB-BA7D-B3165DBF2F28}.Release|Any CPU.ActiveCfg = Release|Any CPU
		{D9E8BB05-F47F-48EB-BA7D-B3165DBF2F28}.Release|Any CPU.Build.0 = Release|Any CPU
		{D9E8BB05-F47F-48EB-BA7D-B3165DBF2F28}.Release|x64.ActiveCfg = Release|Any CPU
		{D9E8BB05-F47F-48EB-BA7D-B3165DBF2F28}.Release|x64.Build.0 = Release|Any CPU
	EndGlobalSection
	GlobalSection(SolutionProperties) = preSolution
		HideSolutionNode = FALSE
	EndGlobalSection
	GlobalSection(ExtensibilityGlobals) = postSolution
		SolutionGuid = {9647C09C-73F7-4249-B3DB-E0006CEE6C2D}
	EndGlobalSection
EndGlobal
